
Microsoft Visual Studio Solution File, Format Version 12.00
# Visual Studio Version 16
VisualStudioVersion = 16.0.28803.916
MinimumVisualStudioVersion = 10.0.40219.1
Project("{FAE04EC0-301F-11D3-BF4B-00C04F79EFBC}") = "Pmenu", "Pmenu\Pmenu.csproj", "{8DB90D43-63A8-4D92-9AC8-7EA12D8B6B82}"
EndProject
Global
	GlobalSection(SolutionConfigurationPlatforms) = preSolution
		Debug|Any CPU = Debug|Any CPU
		Release|Any CPU = Release|Any CPU
	EndGlobalSection
	GlobalSection(ProjectConfigurationPlatforms) = postSolution
		{8DB90D43-63A8-4D92-9AC8-7EA12D8B6B82}.Debug|Any CPU.ActiveCfg = Debug|Any CPU
		{8DB90D43-63A8-4D92-9AC8-7EA12D8B6B82}.Debug|Any CPU.Build.0 = Debug|Any CPU
		{8DB90D43-63A8-4D92-9AC8-7EA12D8B6B82}.Release|Any CPU.ActiveCfg = Release|Any CPU
		{8DB90D43-63A8-4D92-9AC8-7EA12D8B6B82}.Release|Any CPU.Build.0 = Release|Any CPU
	EndGlobalSection
	GlobalSection(SolutionProperties) = preSolution
		HideSolutionNode = FALSE
	EndGlobalSection
	GlobalSection(ExtensibilityGlobals) = postSolution
		SolutionGuid = {197414ED-3D82-489F-9188-6BC6E56D0240}
	EndGlobalSection
EndGlobal
